
Microsoft Visual Studio Solution File, Format Version 12.00
# Visual Studio 14
VisualStudioVersion = 14.0.25123.0
MinimumVisualStudioVersion = 10.0.40219.1
Project("{FAE04EC0-301F-11D3-BF4B-00C04F79EFBC}") = "Consultare.Database", "Consultare.Database\Consultare.Database.csproj", "{FD80EEF7-E6CF-4F77-81A1-01A9DF7A76AC}"
EndProject
Project("{FAE04EC0-301F-11D3-BF4B-00C04F79EFBC}") = "Consultare.WebApi", "Consultare.WebApi\Consultare.WebApi.csproj", "{FF18145B-65F8-4469-9538-BBBEABEAEC78}"
EndProject
Project("{FAE04EC0-301F-11D3-BF4B-00C04F79EFBC}") = "Consultare.WebApi.Tests", "Consultare.WebApi.Tests\Consultare.WebApi.Tests.csproj", "{94C41FAB-A21C-419A-AD38-3118B0EBC442}"
EndProject
Global
	GlobalSection(SolutionConfigurationPlatforms) = preSolution
		Debug|Any CPU = Debug|Any CPU
		Release|Any CPU = Release|Any CPU
	EndGlobalSection
	GlobalSection(ProjectConfigurationPlatforms) = postSolution
		{FD80EEF7-E6CF-4F77-81A1-01A9DF7A76AC}.Debug|Any CPU.ActiveCfg = Debug|Any CPU
		{FD80EEF7-E6CF-4F77-81A1-01A9DF7A76AC}.Debug|Any CPU.Build.0 = Debug|Any CPU
		{FD80EEF7-E6CF-4F77-81A1-01A9DF7A76AC}.Release|Any CPU.ActiveCfg = Release|Any CPU
		{FD80EEF7-E6CF-4F77-81A1-01A9DF7A76AC}.Release|Any CPU.Build.0 = Release|Any CPU
		{FF18145B-65F8-4469-9538-BBBEABEAEC78}.Debug|Any CPU.ActiveCfg = Debug|Any CPU
		{FF18145B-65F8-4469-9538-BBBEABEAEC78}.Debug|Any CPU.Build.0 = Debug|Any CPU
		{FF18145B-65F8-4469-9538-BBBEABEAEC78}.Release|Any CPU.ActiveCfg = Release|Any CPU
		{FF18145B-65F8-4469-9538-BBBEABEAEC78}.Release|Any CPU.Build.0 = Release|Any CPU
		{94C41FAB-A21C-419A-AD38-3118B0EBC442}.Debug|Any CPU.ActiveCfg = Debug|Any CPU
		{94C41FAB-A21C-419A-AD38-3118B0EBC442}.Debug|Any CPU.Build.0 = Debug|Any CPU
		{94C41FAB-A21C-419A-AD38-3118B0EBC442}.Release|Any CPU.ActiveCfg = Release|Any CPU
		{94C41FAB-A21C-419A-AD38-3118B0EBC442}.Release|Any CPU.Build.0 = Release|Any CPU
	EndGlobalSection
	GlobalSection(SolutionProperties) = preSolution
		HideSolutionNode = FALSE
	EndGlobalSection
EndGlobal
